
Microsoft Visual Studio Solution File, Format Version 12.00
# Visual Studio 15
VisualStudioVersion = 15.0.27428.2043
MinimumVisualStudioVersion = 10.0.40219.1
Project("{FAE04EC0-301F-11D3-BF4B-00C04F79EFBC}") = "exercicio3", "exercicio3\exercicio3.csproj", "{2AA21DF1-6E68-47C4-9DDE-5CD750454EB6}"
EndProject
Global
	GlobalSection(SolutionConfigurationPlatforms) = preSolution
		Debug|Any CPU = Debug|Any CPU
		Release|Any CPU = Release|Any CPU
	EndGlobalSection
	GlobalSection(ProjectConfigurationPlatforms) = postSolution
		{2AA21DF1-6E68-47C4-9DDE-5CD750454EB6}.Debug|Any CPU.ActiveCfg = Debug|Any CPU
		{2AA21DF1-6E68-47C4-9DDE-5CD750454EB6}.Debug|Any CPU.Build.0 = Debug|Any CPU
		{2AA21DF1-6E68-47C4-9DDE-5CD750454EB6}.Release|Any CPU.ActiveCfg = Release|Any CPU
		{2AA21DF1-6E68-47C4-9DDE-5CD750454EB6}.Release|Any CPU.Build.0 = Release|Any CPU
	EndGlobalSection
	GlobalSection(SolutionProperties) = preSolution
		HideSolutionNode = FALSE
	EndGlobalSection
	GlobalSection(ExtensibilityGlobals) = postSolution
		SolutionGuid = {DB7468BC-9457-449D-906A-0DC59F669E5F}
	EndGlobalSection
EndGlobal
